
Microsoft Visual Studio Solution File, Format Version 12.00
# Visual Studio Version 17
VisualStudioVersion = 17.9.34728.123
MinimumVisualStudioVersion = 10.0.40219.1
Project("{FAE04EC0-301F-11D3-BF4B-00C04F79EFBC}") = "Retailerlitebeta", "Retailerlitebeta.csproj", "{DA358014-5649-4799-9338-4A25D8D8E226}"
EndProject
Global
	GlobalSection(SolutionConfigurationPlatforms) = preSolution
		Debug|Any CPU = Debug|Any CPU
		Release|Any CPU = Release|Any CPU
	EndGlobalSection
	GlobalSection(ProjectConfigurationPlatforms) = postSolution
		{DA358014-5649-4799-9338-4A25D8D8E226}.Debug|Any CPU.ActiveCfg = Debug|Any CPU
		{DA358014-5649-4799-9338-4A25D8D8E226}.Debug|Any CPU.Build.0 = Debug|Any CPU
		{DA358014-5649-4799-9338-4A25D8D8E226}.Release|Any CPU.ActiveCfg = Release|Any CPU
		{DA358014-5649-4799-9338-4A25D8D8E226}.Release|Any CPU.Build.0 = Release|Any CPU
	EndGlobalSection
	GlobalSection(SolutionProperties) = preSolution
		HideSolutionNode = FALSE
	EndGlobalSection
	GlobalSection(ExtensibilityGlobals) = postSolution
		SolutionGuid = {511AC220-05C2-4D48-91DE-8E0B31E757FC}
	EndGlobalSection
EndGlobal
